
Microsoft Visual Studio Solution File, Format Version 12.00
# Visual Studio 15
VisualStudioVersion = 15.0.27130.2027
MinimumVisualStudioVersion = 10.0.40219.1
Project("{8BC9CEB8-8B4A-11D0-8D11-00A0C91BC942}") = "Day01", "Day01\Day01.vcxproj", "{AE775E65-89AF-42B0-A3D7-46214FA32CE0}"
EndProject
Project("{8BC9CEB8-8B4A-11D0-8D11-00A0C91BC942}") = "Day02", "Day02\Day02.vcxproj", "{1B9B155F-63B1-43DC-8418-352576207EFE}"
EndProject
Project("{8BC9CEB8-8B4A-11D0-8D11-00A0C91BC942}") = "Day03", "Day03\Day03.vcxproj", "{B1ED88B9-C5BD-47D2-8483-7C4F6DA367BA}"
EndProject
Global
	GlobalSection(SolutionConfigurationPlatforms) = preSolution
		Debug|x64 = Debug|x64
		Debug|x86 = Debug|x86
		Release|x64 = Release|x64
		Release|x86 = Release|x86
	EndGlobalSection
	GlobalSection(ProjectConfigurationPlatforms) = postSolution
		{AE775E65-89AF-42B0-A3D7-46214FA32CE0}.Debug|x64.ActiveCfg = Debug|x64
		{AE775E65-89AF-42B0-A3D7-46214FA32CE0}.Debug|x64.Build.0 = Debug|x64
		{AE775E65-89AF-42B0-A3D7-46214FA32CE0}.Debug|x86.ActiveCfg = Debug|Win32
		{AE775E65-89AF-42B0-A3D7-46214FA32CE0}.Debug|x86.Build.0 = Debug|Win32
		{AE775E65-89AF-42B0-A3D7-46214FA32CE0}.Release|x64.ActiveCfg = Release|x64
		{AE775E65-89AF-42B0-A3D7-46214FA32CE0}.Release|x64.Build.0 = Release|x64
		{AE775E65-89AF-42B0-A3D7-46214FA32CE0}.Release|x86.ActiveCfg = Release|Win32
		{AE775E65-89AF-42B0-A3D7-46214FA32CE0}.Release|x86.Build.0 = Release|Win32
		{1B9B155F-63B1-43DC-8418-352576207EFE}.Debug|x64.ActiveCfg = Debug|x64
		{1B9B155F-63B1-43DC-8418-352576207EFE}.Debug|x64.Build.0 = Debug|x64
		{1B9B155F-63B1-43DC-8418-352576207EFE}.Debug|x86.ActiveCfg = Debug|Win32
		{1B9B155F-63B1-43DC-8418-352576207EFE}.Debug|x86.Build.0 = Debug|Win32
		{1B9B155F-63B1-43DC-8418-352576207EFE}.Release|x64.ActiveCfg = Release|x64
		{1B9B155F-63B1-43DC-8418-352576207EFE}.Release|x64.Build.0 = Release|x64
		{1B9B155F-63B1-43DC-8418-352576207EFE}.Release|x86.ActiveCfg = Release|Win32
		{1B9B155F-63B1-43DC-8418-352576207EFE}.Release|x86.Build.0 = Release|Win32
		{B1ED88B9-C5BD-47D2-8483-7C4F6DA367BA}.Debug|x64.ActiveCfg = Debug|x64
		{B1ED88B9-C5BD-47D2-8483-7C4F6DA367BA}.Debug|x64.Build.0 = Debug|x64
		{B1ED88B9-C5BD-47D2-8483-7C4F6DA367BA}.Debug|x86.ActiveCfg = Debug|Win32
		{B1ED88B9-C5BD-47D2-8483-7C4F6DA367BA}.Debug|x86.Build.0 = Debug|Win32
		{B1ED88B9-C5BD-47D2-8483-7C4F6DA367BA}.Release|x64.ActiveCfg = Release|x64
		{B1ED88B9-C5BD-47D2-8483-7C4F6DA367BA}.Release|x64.Build.0 = Release|x64
		{B1ED88B9-C5BD-47D2-8483-7C4F6DA367BA}.Release|x86.ActiveCfg = Release|Win32
		{B1ED88B9-C5BD-47D2-8483-7C4F6DA367BA}.Release|x86.Build.0 = Release|Win32
	EndGlobalSection
	GlobalSection(SolutionProperties) = preSolution
		HideSolutionNode = FALSE
	EndGlobalSection
	GlobalSection(ExtensibilityGlobals) = postSolution
		SolutionGuid = {1870E654-45AE-4B00-94B3-84079A2FEC95}
	EndGlobalSection
EndGlobal
