
Microsoft Visual Studio Solution File, Format Version 12.00
# Visual Studio 15
VisualStudioVersion = 15.0.27130.2027
MinimumVisualStudioVersion = 10.0.40219.1
Project("{8BC9CEB8-8B4A-11D0-8D11-00A0C91BC942}") = "Day01", "Day01\Day01.vcxproj", "{D85EC78E-1869-4361-80A7-E61FBE81234D}"
EndProject
Global
	GlobalSection(SolutionConfigurationPlatforms) = preSolution
		Debug|x64 = Debug|x64
		Debug|x86 = Debug|x86
		Release|x64 = Release|x64
		Release|x86 = Release|x86
	EndGlobalSection
	GlobalSection(ProjectConfigurationPlatforms) = postSolution
		{D85EC78E-1869-4361-80A7-E61FBE81234D}.Debug|x64.ActiveCfg = Debug|x64
		{D85EC78E-1869-4361-80A7-E61FBE81234D}.Debug|x64.Build.0 = Debug|x64
		{D85EC78E-1869-4361-80A7-E61FBE81234D}.Debug|x86.ActiveCfg = Debug|Win32
		{D85EC78E-1869-4361-80A7-E61FBE81234D}.Debug|x86.Build.0 = Debug|Win32
		{D85EC78E-1869-4361-80A7-E61FBE81234D}.Release|x64.ActiveCfg = Release|x64
		{D85EC78E-1869-4361-80A7-E61FBE81234D}.Release|x64.Build.0 = Release|x64
		{D85EC78E-1869-4361-80A7-E61FBE81234D}.Release|x86.ActiveCfg = Release|Win32
		{D85EC78E-1869-4361-80A7-E61FBE81234D}.Release|x86.Build.0 = Release|Win32
	EndGlobalSection
	GlobalSection(SolutionProperties) = preSolution
		HideSolutionNode = FALSE
	EndGlobalSection
	GlobalSection(ExtensibilityGlobals) = postSolution
		SolutionGuid = {C887ED95-DE23-4F7A-BA2A-646865EADB89}
	EndGlobalSection
EndGlobal
